{
  "name": "node-red-dashboard",
  "version": "2.1.0",
  "dependencies": {
    "serve-static": {
      "version": "1.11.1",
      "dependencies": {
        "encodeurl": {
          "version": "1.0.1"
        },
        "escape-html": {
          "version": "1.0.3"
        },
        "parseurl": {
          "version": "1.3.1"
        },
        "send": {
          "version": "0.14.1",
          "dependencies": {
            "debug": {
              "version": "2.2.0",
              "dependencies": {
                "ms": {
                  "version": "0.7.1"
                }
              }
            },
            "depd": {
              "version": "1.1.0"
            },
            "destroy": {
              "version": "1.0.4"
            },
            "encodeurl": {
              "version": "1.0.1"
            },
            "escape-html": {
              "version": "1.0.3"
            },
            "etag": {
              "version": "1.7.0"
            },
            "fresh": {
              "version": "0.3.0"
            },
            "http-errors": {
              "version": "1.5.0",
              "dependencies": {
                "inherits": {
                  "version": "2.0.1"
                },
                "setprototypeof": {
                  "version": "1.0.1"
                },
                "statuses": {
                  "version": "1.3.0"
                }
              }
            },
            "mime": {
              "version": "1.3.4"
            },
            "ms": {
              "version": "0.7.1"
            },
            "on-finished": {
              "version": "2.3.0",
              "dependencies": {
                "ee-first": {
                  "version": "1.1.1"
                }
              }
            },
            "range-parser": {
              "version": "1.2.0"
            },
            "statuses": {
              "version": "1.3.0"
            }
          }
        }
      }
    },
    "socket.io": {
      "version": "1.5.1",
      "dependencies": {
        "engine.io": {
          "version": "1.7.2",
          "dependencies": {
            "accepts": {
              "version": "1.3.3",
              "dependencies": {
                "mime-types": {
                  "version": "2.1.12",
                  "dependencies": {
                    "mime-db": {
                      "version": "1.24.0"
                    }
                  }
                },
                "negotiator": {
                  "version": "0.6.1"
                }
              }
            },
            "base64id": {
              "version": "0.1.0"
            },
            "debug": {
              "version": "2.2.0",
              "dependencies": {
                "ms": {
                  "version": "0.7.1"
                }
              }
            },
            "engine.io-parser": {
              "version": "1.3.1",
              "dependencies": {
                "after": {
                  "version": "0.8.1"
                },
                "arraybuffer.slice": {
                  "version": "0.0.6"
                },
                "base64-arraybuffer": {
                  "version": "0.1.5"
                },
                "blob": {
                  "version": "0.0.4"
                },
                "has-binary": {
                  "version": "0.1.6",
                  "dependencies": {
                    "isarray": {
                      "version": "0.0.1"
                    }
                  }
                },
                "wtf-8": {
                  "version": "1.0.0"
                }
              }
            },
            "ws": {
              "version": "1.1.1",
              "dependencies": {
                "options": {
                  "version": "0.0.6"
                },
                "ultron": {
                  "version": "1.0.2"
                }
              }
            }
          }
        },
        "socket.io-parser": {
          "version": "2.3.1",
          "dependencies": {
            "debug": {
              "version": "2.2.0",
              "dependencies": {
                "ms": {
                  "version": "0.7.1"
                }
              }
            },
            "json3": {
              "version": "3.3.2"
            },
            "component-emitter": {
              "version": "1.1.2"
            },
            "isarray": {
              "version": "0.0.1"
            }
          }
        },
        "socket.io-client": {
          "version": "1.5.1",
          "dependencies": {
            "debug": {
              "version": "2.2.0",
              "dependencies": {
                "ms": {
                  "version": "0.7.1"
                }
              }
            },
            "engine.io-client": {
              "version": "1.7.2",
              "dependencies": {
                "component-emitter": {
                  "version": "1.1.2"
                },
                "component-inherit": {
                  "version": "0.0.3"
                },
                "debug": {
                  "version": "2.2.0",
                  "dependencies": {
                    "ms": {
                      "version": "0.7.1"
                    }
                  }
                },
                "engine.io-parser": {
                  "version": "1.3.1",
                  "dependencies": {
                    "after": {
                      "version": "0.8.1"
                    },
                    "arraybuffer.slice": {
                      "version": "0.0.6"
                    },
                    "base64-arraybuffer": {
                      "version": "0.1.5"
                    },
                    "blob": {
                      "version": "0.0.4"
                    },
                    "has-binary": {
                      "version": "0.1.6",
                      "dependencies": {
                        "isarray": {
                          "version": "0.0.1"
                        }
                      }
                    },
                    "wtf-8": {
                      "version": "1.0.0"
                    }
                  }
                },
                "has-cors": {
                  "version": "1.1.0"
                },
                "indexof": {
                  "version": "0.0.1"
                },
                "parsejson": {
                  "version": "0.0.1",
                  "dependencies": {
                    "better-assert": {
                      "version": "1.0.2",
                      "dependencies": {
                        "callsite": {
                          "version": "1.0.0"
                        }
                      }
                    }
                  }
                },
                "parseqs": {
                  "version": "0.0.2",
                  "dependencies": {
                    "better-assert": {
                      "version": "1.0.2",
                      "dependencies": {
                        "callsite": {
                          "version": "1.0.0"
                        }
                      }
                    }
                  }
                },
                "parseuri": {
                  "version": "0.0.4",
                  "dependencies": {
                    "better-assert": {
                      "version": "1.0.2",
                      "dependencies": {
                        "callsite": {
                          "version": "1.0.0"
                        }
                      }
                    }
                  }
                },
                "ws": {
                  "version": "1.1.1",
                  "dependencies": {
                    "options": {
                      "version": "0.0.6"
                    },
                    "ultron": {
                      "version": "1.0.2"
                    }
                  }
                },
                "xmlhttprequest-ssl": {
                  "version": "1.5.1"
                },
                "yeast": {
                  "version": "0.1.2"
                }
              }
            },
            "component-bind": {
              "version": "1.0.0"
            },
            "component-emitter": {
              "version": "1.2.0"
            },
            "object-component": {
              "version": "0.0.3"
            },
            "socket.io-parser": {
              "version": "2.3.1",
              "dependencies": {
                "debug": {
                  "version": "2.2.0",
                  "dependencies": {
                    "ms": {
                      "version": "0.7.1"
                    }
                  }
                },
                "json3": {
                  "version": "3.3.2"
                },
                "component-emitter": {
                  "version": "1.1.2"
                },
                "isarray": {
                  "version": "0.0.1"
                }
              }
            },
            "has-binary": {
              "version": "0.1.7",
              "dependencies": {
                "isarray": {
                  "version": "0.0.1"
                }
              }
            },
            "indexof": {
              "version": "0.0.1"
            },
            "parseuri": {
              "version": "0.0.4",
              "dependencies": {
                "better-assert": {
                  "version": "1.0.2",
                  "dependencies": {
                    "callsite": {
                      "version": "1.0.0"
                    }
                  }
                }
              }
            },
            "to-array": {
              "version": "0.1.4"
            },
            "backo2": {
              "version": "1.0.2"
            }
          }
        },
        "socket.io-adapter": {
          "version": "0.4.0",
          "dependencies": {
            "debug": {
              "version": "2.2.0",
              "dependencies": {
                "ms": {
                  "version": "0.7.1"
                }
              }
            },
            "socket.io-parser": {
              "version": "2.2.2",
              "dependencies": {
                "debug": {
                  "version": "0.7.4"
                },
                "json3": {
                  "version": "3.2.6"
                },
                "component-emitter": {
                  "version": "1.1.2"
                },
                "isarray": {
                  "version": "0.0.1"
                },
                "benchmark": {
                  "version": "1.0.0"
                }
              }
            }
          }
        },
        "has-binary": {
          "version": "0.1.7",
          "dependencies": {
            "isarray": {
              "version": "0.0.1"
            }
          }
        },
        "debug": {
          "version": "2.2.0",
          "dependencies": {
            "ms": {
              "version": "0.7.1"
            }
          }
        }
      }
    }
  }
}
